
Microsoft Visual Studio Solution File, Format Version 12.00
# Visual Studio Version 17
VisualStudioVersion = 17.14.36414.22 d17.14
MinimumVisualStudioVersion = 10.0.40219.1
Project("{2150E333-8FDC-42A3-9474-1A3956D46DE8}") = "Task0", "Task0", "{02EA681E-C7D8-13C7-8484-4AC65E1B71E8}"
EndProject
Project("{FAE04EC0-301F-11D3-BF4B-00C04F79EFBC}") = "Tyuiu.Kazhahmetov.Sprint4.Task0.V5", "Tyuiu.Kazhahmetov.Sprint4.Task0.V5\Tyuiu.Kazhahmetov.Sprint4.Task0.V5.csproj", "{FEED3AA1-A053-4321-BC26-D1C5F2DC3B16}"
EndProject
Project("{FAE04EC0-301F-11D3-BF4B-00C04F79EFBC}") = "Tyuiu.Kazhahmetov.Sprint4.Task0.V5.Lib", "Tyuiu.Kazhahmetov.Sprint4.Task0.V5.Lib\Tyuiu.Kazhahmetov.Sprint4.Task0.V5.Lib.csproj", "{662575E4-ADFA-4C69-8FEC-DD0B287429F4}"
EndProject
Project("{FAE04EC0-301F-11D3-BF4B-00C04F79EFBC}") = "Tyuiu.Kazhahmetov.Sprint4.Task0.V5.Test", "Tyuiu.Kazhahmetov.Sprint4.Task0.V5.Test\Tyuiu.Kazhahmetov.Sprint4.Task0.V5.Test.csproj", "{41A6FEC1-FC09-4B0A-B465-2BB46BF7E760}"
EndProject
Global
	GlobalSection(SolutionConfigurationPlatforms) = preSolution
		Debug|Any CPU = Debug|Any CPU
		Release|Any CPU = Release|Any CPU
	EndGlobalSection
	GlobalSection(ProjectConfigurationPlatforms) = postSolution
		{FEED3AA1-A053-4321-BC26-D1C5F2DC3B16}.Debug|Any CPU.ActiveCfg = Debug|Any CPU
		{FEED3AA1-A053-4321-BC26-D1C5F2DC3B16}.Debug|Any CPU.Build.0 = Debug|Any CPU
		{FEED3AA1-A053-4321-BC26-D1C5F2DC3B16}.Release|Any CPU.ActiveCfg = Release|Any CPU
		{FEED3AA1-A053-4321-BC26-D1C5F2DC3B16}.Release|Any CPU.Build.0 = Release|Any CPU
		{662575E4-ADFA-4C69-8FEC-DD0B287429F4}.Debug|Any CPU.ActiveCfg = Debug|Any CPU
		{662575E4-ADFA-4C69-8FEC-DD0B287429F4}.Debug|Any CPU.Build.0 = Debug|Any CPU
		{662575E4-ADFA-4C69-8FEC-DD0B287429F4}.Release|Any CPU.ActiveCfg = Release|Any CPU
		{662575E4-ADFA-4C69-8FEC-DD0B287429F4}.Release|Any CPU.Build.0 = Release|Any CPU
		{41A6FEC1-FC09-4B0A-B465-2BB46BF7E760}.Debug|Any CPU.ActiveCfg = Debug|Any CPU
		{41A6FEC1-FC09-4B0A-B465-2BB46BF7E760}.Debug|Any CPU.Build.0 = Debug|Any CPU
		{41A6FEC1-FC09-4B0A-B465-2BB46BF7E760}.Release|Any CPU.ActiveCfg = Release|Any CPU
		{41A6FEC1-FC09-4B0A-B465-2BB46BF7E760}.Release|Any CPU.Build.0 = Release|Any CPU
	EndGlobalSection
	GlobalSection(SolutionProperties) = preSolution
		HideSolutionNode = FALSE
	EndGlobalSection
	GlobalSection(NestedProjects) = preSolution
		{FEED3AA1-A053-4321-BC26-D1C5F2DC3B16} = {02EA681E-C7D8-13C7-8484-4AC65E1B71E8}
		{662575E4-ADFA-4C69-8FEC-DD0B287429F4} = {02EA681E-C7D8-13C7-8484-4AC65E1B71E8}
		{41A6FEC1-FC09-4B0A-B465-2BB46BF7E760} = {02EA681E-C7D8-13C7-8484-4AC65E1B71E8}
	EndGlobalSection
	GlobalSection(ExtensibilityGlobals) = postSolution
		SolutionGuid = {29D77A57-28DB-4614-A9F4-1D73DFE58331}
	EndGlobalSection
EndGlobal
